
Microsoft Visual Studio Solution File, Format Version 12.00
Project("{FAE04EC0-301F-11D3-BF4B-00C04F79EFBC}") = "CalculatorWebServerApp", "CalculatorWebServerApp\CalculatorWebServerApp.csproj", "{9A80D3D7-B6B6-407C-9C25-A4FD5C830BE3}"
EndProject
Project("{FAE04EC0-301F-11D3-BF4B-00C04F79EFBC}") = "CalculatorLogic", "..\CalculatorLogic\CalculatorLogic.csproj", "{5C8FEF31-5FBC-47F4-84F2-9744E98BDD46}"
EndProject
Project("{FAE04EC0-301F-11D3-BF4B-00C04F79EFBC}") = "CalculatorLogicUnitTests", "..\CalculatorLogicUnitTests\CalculatorLogicUnitTests.csproj", "{86244D99-2F2D-4457-BAAE-4B842AF5577E}"
EndProject
Project("{FAE04EC0-301F-11D3-BF4B-00C04F79EFBC}") = "CalculatorEndToEndTests", "..\CalculatorEndToEndTests\CalculatorEndToEndTests.csproj", "{DF63E9EE-F494-4367-90C0-2E106A79CBDE}"
EndProject
Global
	GlobalSection(SolutionConfigurationPlatforms) = preSolution
		Debug|Any CPU = Debug|Any CPU
		Release|Any CPU = Release|Any CPU
	EndGlobalSection
	GlobalSection(ProjectConfigurationPlatforms) = postSolution
		{9A80D3D7-B6B6-407C-9C25-A4FD5C830BE3}.Debug|Any CPU.ActiveCfg = Debug|Any CPU
		{9A80D3D7-B6B6-407C-9C25-A4FD5C830BE3}.Debug|Any CPU.Build.0 = Debug|Any CPU
		{9A80D3D7-B6B6-407C-9C25-A4FD5C830BE3}.Release|Any CPU.ActiveCfg = Release|Any CPU
		{9A80D3D7-B6B6-407C-9C25-A4FD5C830BE3}.Release|Any CPU.Build.0 = Release|Any CPU
		{5C8FEF31-5FBC-47F4-84F2-9744E98BDD46}.Debug|Any CPU.ActiveCfg = Debug|Any CPU
		{5C8FEF31-5FBC-47F4-84F2-9744E98BDD46}.Debug|Any CPU.Build.0 = Debug|Any CPU
		{5C8FEF31-5FBC-47F4-84F2-9744E98BDD46}.Release|Any CPU.ActiveCfg = Release|Any CPU
		{5C8FEF31-5FBC-47F4-84F2-9744E98BDD46}.Release|Any CPU.Build.0 = Release|Any CPU
		{86244D99-2F2D-4457-BAAE-4B842AF5577E}.Debug|Any CPU.ActiveCfg = Debug|Any CPU
		{86244D99-2F2D-4457-BAAE-4B842AF5577E}.Debug|Any CPU.Build.0 = Debug|Any CPU
		{86244D99-2F2D-4457-BAAE-4B842AF5577E}.Release|Any CPU.ActiveCfg = Release|Any CPU
		{86244D99-2F2D-4457-BAAE-4B842AF5577E}.Release|Any CPU.Build.0 = Release|Any CPU
		{DF63E9EE-F494-4367-90C0-2E106A79CBDE}.Debug|Any CPU.ActiveCfg = Debug|Any CPU
		{DF63E9EE-F494-4367-90C0-2E106A79CBDE}.Debug|Any CPU.Build.0 = Debug|Any CPU
		{DF63E9EE-F494-4367-90C0-2E106A79CBDE}.Release|Any CPU.ActiveCfg = Release|Any CPU
		{DF63E9EE-F494-4367-90C0-2E106A79CBDE}.Release|Any CPU.Build.0 = Release|Any CPU
	EndGlobalSection
EndGlobal
